{
  "requires": true,
  "lockfileVersion": 1,
  "dependencies": {
    "cth-config": {
      "version": "1.0.0"
    },
    "cth-debug": {
      "version": "0.1.1",
      "resolved": "https://registry.npmjs.org/cth-debug/-/cth-debug-0.1.1.tgz",
      "integrity": "sha512-EvcHgZwJ33fjDrkv2CiuuhI02BSQexM4kOXSgNu3RBfqx+YUgC5veZzDymJQ3wz9gi/6/uIYHHIgm4KmolBpUA==",
      "requires": {
        "ms": "2.0.0"
      }
    },
    "cth-debug2": {
      "version": "0.1.1",
      "resolved": "https://registry.npmjs.org/cth-debug2/-/cth-debug2-0.1.1.tgz",
      "integrity": "sha512-wfQ2Sv0g6zujQNs+6nlgcAdB2jw2FMmVokU9hQ6l7fru63lI94sHqkVPotMQzXHvIIa1RS1IaLC7WKIK2rYh7g==",
      "requires": {
        "ms": "2.0.0"
      }
    },
    "cth-prototype": {
      "version": "0.0.1"
    },
    "debug-log": {
      "version": "1.0.1",
      "resolved": "https://registry.npmjs.org/debug-log/-/debug-log-1.0.1.tgz",
      "integrity": "sha1-IwdjLUwEOCuN+KMvcLiVBG1SdF8="
    },
    "ms": {
      "version": "2.0.0",
      "resolved": "https://registry.npmjs.org/ms/-/ms-2.0.0.tgz",
      "integrity": "sha1-VgiurfwAvmwpAd9fmGF4jeDVl8g="
    }
  }
}
